Microsoft Visual Studio Solution File, Format Version 11.00
# Visual Studio 2008

Project("{1FED5A8B-C607-ACDB-04E6-A029F4A59582}") = "Literally A Word Game", "Assembly-CSharp-firstpass-vs.csproj", "{A5EC7A65-84B5-FEC2-2327-01D291B0487A}"
EndProject
Project("{1FED5A8B-C607-ACDB-04E6-A029F4A59582}") = "Literally A Word Game", "Assembly-CSharp-vs.csproj", "{69A0C2F4-AAAA-560C-F579-04BEEA846575}"
EndProject
Global
	GlobalSection(SolutionConfigurationPlatforms) = preSolution
		Debug|Any CPU = Debug|Any CPU
		Release|Any CPU = Release|Any CPU
	EndGlobalSection
	GlobalSection(ProjectConfigurationPlatforms) = postSolution
		{A5EC7A65-84B5-FEC2-2327-01D291B0487A}.Debug|Any CPU.ActiveCfg = Debug|Any CPU
		{A5EC7A65-84B5-FEC2-2327-01D291B0487A}.Debug|Any CPU.Build.0 = Debug|Any CPU
		{A5EC7A65-84B5-FEC2-2327-01D291B0487A}.Release|Any CPU.ActiveCfg = Release|Any CPU
		{A5EC7A65-84B5-FEC2-2327-01D291B0487A}.Release|Any CPU.Build.0 = Release|Any CPU
		{69A0C2F4-AAAA-560C-F579-04BEEA846575}.Debug|Any CPU.ActiveCfg = Debug|Any CPU
		{69A0C2F4-AAAA-560C-F579-04BEEA846575}.Debug|Any CPU.Build.0 = Debug|Any CPU
		{69A0C2F4-AAAA-560C-F579-04BEEA846575}.Release|Any CPU.ActiveCfg = Release|Any CPU
		{69A0C2F4-AAAA-560C-F579-04BEEA846575}.Release|Any CPU.Build.0 = Release|Any CPU
	EndGlobalSection
	GlobalSection(SolutionProperties) = preSolution
		HideSolutionNode = FALSE
	EndGlobalSection
																																	GlobalSection(MonoDevelopProperties) = preSolution
		StartupItem = Assembly-CSharp.csproj
		Policies = $0
		$0.TextStylePolicy = $1
		$1.inheritsSet = null
		$1.scope = text/x-csharp
		$0.CSharpFormattingPolicy = $2
		$2.inheritsSet = Mono
		$2.inheritsScope = text/x-csharp
		$2.scope = text/x-csharp
		$0.TextStylePolicy = $3
		$3.FileWidth = 120
		$3.TabWidth = 4
		$3.EolMarker = Unix
		$3.inheritsSet = Mono
		$3.inheritsScope = text/plain
		$3.scope = text/plain
	EndGlobalSection

EndGlobal
