
Microsoft Visual Studio Solution File, Format Version 12.00
# Visual Studio 2013
Project("{FAE04EC0-301F-11D3-BF4B-00C04F79EFBC}") = "UnityVS.Literally A Word Game.CSharp", "UnityVS.Literally A Word Game.CSharp.csproj", "{6E0F0A4C-20A7-38CF-7719-65C85AE7363F}"
EndProject
Project("{FAE04EC0-301F-11D3-BF4B-00C04F79EFBC}") = "UnityVS.Literally A Word Game.CSharp.Plugins", "UnityVS.Literally A Word Game.CSharp.Plugins.csproj", "{3F526C3A-2F7C-01AB-A3C4-9C5290467D27}"
EndProject
Global
	GlobalSection(SolutionConfigurationPlatforms) = preSolution
		Debug|Any CPU = Debug|Any CPU
		Release|Any CPU = Release|Any CPU
	EndGlobalSection
	GlobalSection(ProjectConfigurationPlatforms) = postSolution
		{6E0F0A4C-20A7-38CF-7719-65C85AE7363F}.Debug|Any CPU.ActiveCfg = Debug|Any CPU
		{6E0F0A4C-20A7-38CF-7719-65C85AE7363F}.Debug|Any CPU.Build.0 = Debug|Any CPU
		{6E0F0A4C-20A7-38CF-7719-65C85AE7363F}.Release|Any CPU.ActiveCfg = Release|Any CPU
		{6E0F0A4C-20A7-38CF-7719-65C85AE7363F}.Release|Any CPU.Build.0 = Release|Any CPU
		{3F526C3A-2F7C-01AB-A3C4-9C5290467D27}.Debug|Any CPU.ActiveCfg = Debug|Any CPU
		{3F526C3A-2F7C-01AB-A3C4-9C5290467D27}.Debug|Any CPU.Build.0 = Debug|Any CPU
		{3F526C3A-2F7C-01AB-A3C4-9C5290467D27}.Release|Any CPU.ActiveCfg = Release|Any CPU
		{3F526C3A-2F7C-01AB-A3C4-9C5290467D27}.Release|Any CPU.Build.0 = Release|Any CPU
	EndGlobalSection
	GlobalSection(SolutionProperties) = preSolution
		HideSolutionNode = FALSE
	EndGlobalSection
EndGlobal
